
Microsoft Visual Studio Solution File, Format Version 12.00
# Visual Studio Version 17
VisualStudioVersion = 17.13.35931.197 d17.13
MinimumVisualStudioVersion = 10.0.40219.1
Project("{2150E333-8FDC-42A3-9474-1A3956D46DE8}") = "Application Business Rules", "Application Business Rules", "{02EA681E-C7D8-13C7-8484-4AC65E1B71E8}"
EndProject
Project("{2150E333-8FDC-42A3-9474-1A3956D46DE8}") = "Backend", "Backend", "{8439C183-B4A2-4EF1-B744-D00335778D50}"
EndProject
Project("{2150E333-8FDC-42A3-9474-1A3956D46DE8}") = "Core", "Core", "{826AF795-7DB4-4AC1-8196-4B6007656202}"
EndProject
Project("{2150E333-8FDC-42A3-9474-1A3956D46DE8}") = "Application Business Rules", "Application Business Rules", "{7817FD73-4C3D-4302-B787-B711B6A27D54}"
EndProject
Project("{2150E333-8FDC-42A3-9474-1A3956D46DE8}") = "Frameworks And Drivers", "Frameworks And Drivers", "{16A10036-A35B-411C-8C68-D9308D7E1089}"
EndProject
Project("{2150E333-8FDC-42A3-9474-1A3956D46DE8}") = "Interface Adapters", "Interface Adapters", "{51E6EF9D-E7A5-402F-A880-D4B410BE0F8A}"
EndProject
Project("{FAE04EC0-301F-11D3-BF4B-00C04F79EFBC}") = "Learn.Api.BusinessObjects", "Learn.Api.BusinessObjects\Learn.Api.BusinessObjects.csproj", "{142DF2DD-FD27-4F34-B4EE-2F9540980E6A}"
EndProject
Project("{FAE04EC0-301F-11D3-BF4B-00C04F79EFBC}") = "Learn.Api.UseCases", "Learn.Api.UseCases\Learn.Api.UseCases.csproj", "{242E93ED-152D-4774-8269-3F1CE8CC8052}"
EndProject
Project("{2150E333-8FDC-42A3-9474-1A3956D46DE8}") = "Frameworks", "Frameworks", "{988CE0B2-A72B-4CFA-8A74-43911931F02D}"
EndProject
Project("{2150E333-8FDC-42A3-9474-1A3956D46DE8}") = "IoC", "IoC", "{2F6B8FEA-D5E7-46A2-A0EC-CD4AB77664F7}"
EndProject
Project("{2150E333-8FDC-42A3-9474-1A3956D46DE8}") = "UI", "UI", "{6B5654E3-D27B-4751-B833-87D55456077A}"
EndProject
Project("{FAE04EC0-301F-11D3-BF4B-00C04F79EFBC}") = "Learn.Api.Repository.EFCore", "Learn.Api.Repository.EFCore\Learn.Api.Repository.EFCore.csproj", "{9685414F-66A3-43B4-97B0-505E132367DD}"
EndProject
Project("{FAE04EC0-301F-11D3-BF4B-00C04F79EFBC}") = "Learn.Api.IoC", "Learn.Api.IoC\Learn.Api.IoC.csproj", "{F04C91F2-45A2-4F3E-86B1-D9C6F638EE94}"
EndProject
Project("{FAE04EC0-301F-11D3-BF4B-00C04F79EFBC}") = "FinancialStatements", "FinancialStatements\FinancialStatements.csproj", "{2D129E9B-8C2B-4191-80F4-8684B019E91D}"
EndProject
Project("{FAE04EC0-301F-11D3-BF4B-00C04F79EFBC}") = "Learn.Api.Controllers", "Learn.Api.Controllers\Learn.Api.Controllers.csproj", "{06D071A2-D5D3-459D-A772-A006DA625771}"
EndProject
Project("{FAE04EC0-301F-11D3-BF4B-00C04F79EFBC}") = "Learn.Api.Domain", "Learn.Api.Domain\Learn.Api.Domain.csproj", "{1E612138-D05F-4F7B-B848-48E04D4040B3}"
EndProject
Global
	GlobalSection(SolutionConfigurationPlatforms) = preSolution
		Debug|Any CPU = Debug|Any CPU
		Release|Any CPU = Release|Any CPU
	EndGlobalSection
	GlobalSection(ProjectConfigurationPlatforms) = postSolution
		{142DF2DD-FD27-4F34-B4EE-2F9540980E6A}.Debug|Any CPU.ActiveCfg = Debug|Any CPU
		{142DF2DD-FD27-4F34-B4EE-2F9540980E6A}.Debug|Any CPU.Build.0 = Debug|Any CPU
		{142DF2DD-FD27-4F34-B4EE-2F9540980E6A}.Release|Any CPU.ActiveCfg = Release|Any CPU
		{142DF2DD-FD27-4F34-B4EE-2F9540980E6A}.Release|Any CPU.Build.0 = Release|Any CPU
		{242E93ED-152D-4774-8269-3F1CE8CC8052}.Debug|Any CPU.ActiveCfg = Debug|Any CPU
		{242E93ED-152D-4774-8269-3F1CE8CC8052}.Debug|Any CPU.Build.0 = Debug|Any CPU
		{242E93ED-152D-4774-8269-3F1CE8CC8052}.Release|Any CPU.ActiveCfg = Release|Any CPU
		{242E93ED-152D-4774-8269-3F1CE8CC8052}.Release|Any CPU.Build.0 = Release|Any CPU
		{9685414F-66A3-43B4-97B0-505E132367DD}.Debug|Any CPU.ActiveCfg = Debug|Any CPU
		{9685414F-66A3-43B4-97B0-505E132367DD}.Debug|Any CPU.Build.0 = Debug|Any CPU
		{9685414F-66A3-43B4-97B0-505E132367DD}.Release|Any CPU.ActiveCfg = Release|Any CPU
		{9685414F-66A3-43B4-97B0-505E132367DD}.Release|Any CPU.Build.0 = Release|Any CPU
		{F04C91F2-45A2-4F3E-86B1-D9C6F638EE94}.Debug|Any CPU.ActiveCfg = Debug|Any CPU
		{F04C91F2-45A2-4F3E-86B1-D9C6F638EE94}.Debug|Any CPU.Build.0 = Debug|Any CPU
		{F04C91F2-45A2-4F3E-86B1-D9C6F638EE94}.Release|Any CPU.ActiveCfg = Release|Any CPU
		{F04C91F2-45A2-4F3E-86B1-D9C6F638EE94}.Release|Any CPU.Build.0 = Release|Any CPU
		{2D129E9B-8C2B-4191-80F4-8684B019E91D}.Debug|Any CPU.ActiveCfg = Debug|Any CPU
		{2D129E9B-8C2B-4191-80F4-8684B019E91D}.Debug|Any CPU.Build.0 = Debug|Any CPU
		{2D129E9B-8C2B-4191-80F4-8684B019E91D}.Release|Any CPU.ActiveCfg = Release|Any CPU
		{2D129E9B-8C2B-4191-80F4-8684B019E91D}.Release|Any CPU.Build.0 = Release|Any CPU
		{06D071A2-D5D3-459D-A772-A006DA625771}.Debug|Any CPU.ActiveCfg = Debug|Any CPU
		{06D071A2-D5D3-459D-A772-A006DA625771}.Debug|Any CPU.Build.0 = Debug|Any CPU
		{06D071A2-D5D3-459D-A772-A006DA625771}.Release|Any CPU.ActiveCfg = Release|Any CPU
		{06D071A2-D5D3-459D-A772-A006DA625771}.Release|Any CPU.Build.0 = Release|Any CPU
		{1E612138-D05F-4F7B-B848-48E04D4040B3}.Debug|Any CPU.ActiveCfg = Debug|Any CPU
		{1E612138-D05F-4F7B-B848-48E04D4040B3}.Debug|Any CPU.Build.0 = Debug|Any CPU
		{1E612138-D05F-4F7B-B848-48E04D4040B3}.Release|Any CPU.ActiveCfg = Release|Any CPU
		{1E612138-D05F-4F7B-B848-48E04D4040B3}.Release|Any CPU.Build.0 = Release|Any CPU
	EndGlobalSection
	GlobalSection(SolutionProperties) = preSolution
		HideSolutionNode = FALSE
	EndGlobalSection
	GlobalSection(NestedProjects) = preSolution
		{826AF795-7DB4-4AC1-8196-4B6007656202} = {8439C183-B4A2-4EF1-B744-D00335778D50}
		{7817FD73-4C3D-4302-B787-B711B6A27D54} = {826AF795-7DB4-4AC1-8196-4B6007656202}
		{16A10036-A35B-411C-8C68-D9308D7E1089} = {826AF795-7DB4-4AC1-8196-4B6007656202}
		{51E6EF9D-E7A5-402F-A880-D4B410BE0F8A} = {826AF795-7DB4-4AC1-8196-4B6007656202}
		{142DF2DD-FD27-4F34-B4EE-2F9540980E6A} = {7817FD73-4C3D-4302-B787-B711B6A27D54}
		{242E93ED-152D-4774-8269-3F1CE8CC8052} = {7817FD73-4C3D-4302-B787-B711B6A27D54}
		{988CE0B2-A72B-4CFA-8A74-43911931F02D} = {16A10036-A35B-411C-8C68-D9308D7E1089}
		{2F6B8FEA-D5E7-46A2-A0EC-CD4AB77664F7} = {16A10036-A35B-411C-8C68-D9308D7E1089}
		{6B5654E3-D27B-4751-B833-87D55456077A} = {16A10036-A35B-411C-8C68-D9308D7E1089}
		{9685414F-66A3-43B4-97B0-505E132367DD} = {988CE0B2-A72B-4CFA-8A74-43911931F02D}
		{F04C91F2-45A2-4F3E-86B1-D9C6F638EE94} = {2F6B8FEA-D5E7-46A2-A0EC-CD4AB77664F7}
		{2D129E9B-8C2B-4191-80F4-8684B019E91D} = {6B5654E3-D27B-4751-B833-87D55456077A}
		{06D071A2-D5D3-459D-A772-A006DA625771} = {51E6EF9D-E7A5-402F-A880-D4B410BE0F8A}
		{1E612138-D05F-4F7B-B848-48E04D4040B3} = {02EA681E-C7D8-13C7-8484-4AC65E1B71E8}
	EndGlobalSection
	GlobalSection(ExtensibilityGlobals) = postSolution
		SolutionGuid = {25DB363F-B22A-4790-9313-AB63554C9151}
	EndGlobalSection
EndGlobal
